
Microsoft Visual Studio Solution File, Format Version 12.00
# Visual Studio Version 17
VisualStudioVersion = 17.11.35327.3
MinimumVisualStudioVersion = 10.0.40219.1
Project("{FAE04EC0-301F-11D3-BF4B-00C04F79EFBC}") = "TDDSI.COMPRAMOTOS.BACKEND.Api", "TDDSI.COMPRAMOTOS.BACKEND\TDDSI.COMPRAMOTOS.BACKEND.Api\TDDSI.COMPRAMOTOS.BACKEND.Api.csproj", "{D82BB1CD-6D9A-4D2D-8DE9-0DB8B1D5C4C2}"
EndProject
Project("{FAE04EC0-301F-11D3-BF4B-00C04F79EFBC}") = "TDDSI.COMPRAMOTOS.BACKEND.Api.Tests", "TDDSI.COMPRAMOTOS.BACKEND\TDDSI.COMPRAMOTOS.BACKEND.Api.Tests\TDDSI.COMPRAMOTOS.BACKEND.Api.Tests.csproj", "{9F4EA556-11E5-4FA0-993C-A4683696B593}"
EndProject
Project("{FAE04EC0-301F-11D3-BF4B-00C04F79EFBC}") = "TDDSI.COMPRAMOTOS.BACKEND.Application", "TDDSI.COMPRAMOTOS.BACKEND\TDDSI.COMPRAMOTOS.BACKEND.Application\TDDSI.COMPRAMOTOS.BACKEND.Application.csproj", "{DBD181AB-67FC-4DF1-A54D-4456598ADE4C}"
EndProject
Project("{FAE04EC0-301F-11D3-BF4B-00C04F79EFBC}") = "TDDSI.COMPRAMOTOS.BACKEND.Domain", "TDDSI.COMPRAMOTOS.BACKEND\TDDSI.COMPRAMOTOS.BACKEND.Domain\TDDSI.COMPRAMOTOS.BACKEND.Domain.csproj", "{C4128C86-AD1B-4FED-BCF4-B3475C60294E}"
EndProject
Project("{FAE04EC0-301F-11D3-BF4B-00C04F79EFBC}") = "TDDSI.COMPRAMOTOS.BACKEND.Domain.Tests", "TDDSI.COMPRAMOTOS.BACKEND\TDDSI.COMPRAMOTOS.BACKEND.Domain.Tests\TDDSI.COMPRAMOTOS.BACKEND.Domain.Tests.csproj", "{0ED4CD35-EC67-4F4C-A275-4881E5A4E170}"
EndProject
Project("{FAE04EC0-301F-11D3-BF4B-00C04F79EFBC}") = "TDDSI.COMPRAMOTOS.BACKEND.Infrastructure", "TDDSI.COMPRAMOTOS.BACKEND\TDDSI.COMPRAMOTOS.BACKEND.Infrastructure\TDDSI.COMPRAMOTOS.BACKEND.Infrastructure.csproj", "{10DC91D8-78DE-46CB-B9DD-058237F620C3}"
EndProject
Project("{FAE04EC0-301F-11D3-BF4B-00C04F79EFBC}") = "TDDSI.COMPRAMOTOS.BACKEND.Infrastructure.PostgreSql", "TDDSI.COMPRAMOTOS.BACKEND\TDDSI.COMPRAMOTOS.BACKEND.Infrastructure.PostgreSql\TDDSI.COMPRAMOTOS.BACKEND.Infrastructure.PostgreSql.csproj", "{175C60E1-56F1-40A4-9411-13E32B6F3433}"
EndProject
Global
	GlobalSection(SolutionConfigurationPlatforms) = preSolution
		Debug|Any CPU = Debug|Any CPU
		Release|Any CPU = Release|Any CPU
	EndGlobalSection
	GlobalSection(ProjectConfigurationPlatforms) = postSolution
		{D82BB1CD-6D9A-4D2D-8DE9-0DB8B1D5C4C2}.Debug|Any CPU.ActiveCfg = Debug|Any CPU
		{D82BB1CD-6D9A-4D2D-8DE9-0DB8B1D5C4C2}.Debug|Any CPU.Build.0 = Debug|Any CPU
		{D82BB1CD-6D9A-4D2D-8DE9-0DB8B1D5C4C2}.Release|Any CPU.ActiveCfg = Release|Any CPU
		{D82BB1CD-6D9A-4D2D-8DE9-0DB8B1D5C4C2}.Release|Any CPU.Build.0 = Release|Any CPU
		{9F4EA556-11E5-4FA0-993C-A4683696B593}.Debug|Any CPU.ActiveCfg = Debug|Any CPU
		{9F4EA556-11E5-4FA0-993C-A4683696B593}.Debug|Any CPU.Build.0 = Debug|Any CPU
		{9F4EA556-11E5-4FA0-993C-A4683696B593}.Release|Any CPU.ActiveCfg = Release|Any CPU
		{9F4EA556-11E5-4FA0-993C-A4683696B593}.Release|Any CPU.Build.0 = Release|Any CPU
		{DBD181AB-67FC-4DF1-A54D-4456598ADE4C}.Debug|Any CPU.ActiveCfg = Debug|Any CPU
		{DBD181AB-67FC-4DF1-A54D-4456598ADE4C}.Debug|Any CPU.Build.0 = Debug|Any CPU
		{DBD181AB-67FC-4DF1-A54D-4456598ADE4C}.Release|Any CPU.ActiveCfg = Release|Any CPU
		{DBD181AB-67FC-4DF1-A54D-4456598ADE4C}.Release|Any CPU.Build.0 = Release|Any CPU
		{C4128C86-AD1B-4FED-BCF4-B3475C60294E}.Debug|Any CPU.ActiveCfg = Debug|Any CPU
		{C4128C86-AD1B-4FED-BCF4-B3475C60294E}.Debug|Any CPU.Build.0 = Debug|Any CPU
		{C4128C86-AD1B-4FED-BCF4-B3475C60294E}.Release|Any CPU.ActiveCfg = Release|Any CPU
		{C4128C86-AD1B-4FED-BCF4-B3475C60294E}.Release|Any CPU.Build.0 = Release|Any CPU
		{0ED4CD35-EC67-4F4C-A275-4881E5A4E170}.Debug|Any CPU.ActiveCfg = Debug|Any CPU
		{0ED4CD35-EC67-4F4C-A275-4881E5A4E170}.Debug|Any CPU.Build.0 = Debug|Any CPU
		{0ED4CD35-EC67-4F4C-A275-4881E5A4E170}.Release|Any CPU.ActiveCfg = Release|Any CPU
		{0ED4CD35-EC67-4F4C-A275-4881E5A4E170}.Release|Any CPU.Build.0 = Release|Any CPU
		{10DC91D8-78DE-46CB-B9DD-058237F620C3}.Debug|Any CPU.ActiveCfg = Debug|Any CPU
		{10DC91D8-78DE-46CB-B9DD-058237F620C3}.Debug|Any CPU.Build.0 = Debug|Any CPU
		{10DC91D8-78DE-46CB-B9DD-058237F620C3}.Release|Any CPU.ActiveCfg = Release|Any CPU
		{10DC91D8-78DE-46CB-B9DD-058237F620C3}.Release|Any CPU.Build.0 = Release|Any CPU
		{175C60E1-56F1-40A4-9411-13E32B6F3433}.Debug|Any CPU.ActiveCfg = Debug|Any CPU
		{175C60E1-56F1-40A4-9411-13E32B6F3433}.Debug|Any CPU.Build.0 = Debug|Any CPU
		{175C60E1-56F1-40A4-9411-13E32B6F3433}.Release|Any CPU.ActiveCfg = Release|Any CPU
		{175C60E1-56F1-40A4-9411-13E32B6F3433}.Release|Any CPU.Build.0 = Release|Any CPU
	EndGlobalSection
	GlobalSection(SolutionProperties) = preSolution
		HideSolutionNode = FALSE
	EndGlobalSection
	GlobalSection(ExtensibilityGlobals) = postSolution
		SolutionGuid = {EC29FED7-696A-4258-95E2-9AB7C3D9165F}
	EndGlobalSection
EndGlobal
